
Microsoft Visual Studio Solution File, Format Version 10.00
# Visual C++ Express 2008
Project("{8BC9CEB8-8B4A-11D0-8D11-00A0C91BC942}") = "Alonguy v0.3", "Alonguy v0.3.vcproj", "{A3BB193E-79EB-4B0A-A73C-753D91BDF472}"
EndProject
Global
	GlobalSection(SolutionConfigurationPlatforms) = preSolution
		Debug|Win32 = Debug|Win32
		Release|Win32 = Release|Win32
	EndGlobalSection
	GlobalSection(ProjectConfigurationPlatforms) = postSolution
		{A3BB193E-79EB-4B0A-A73C-753D91BDF472}.Debug|Win32.ActiveCfg = Debug|Win32
		{A3BB193E-79EB-4B0A-A73C-753D91BDF472}.Debug|Win32.Build.0 = Debug|Win32
		{A3BB193E-79EB-4B0A-A73C-753D91BDF472}.Release|Win32.ActiveCfg = Release|Win32
		{A3BB193E-79EB-4B0A-A73C-753D91BDF472}.Release|Win32.Build.0 = Release|Win32
	EndGlobalSection
	GlobalSection(SolutionProperties) = preSolution
		HideSolutionNode = FALSE
	EndGlobalSection
EndGlobal
